
Microsoft Visual Studio Solution File, Format Version 12.00
# Visual Studio 14
VisualStudioVersion = 14.0.25420.1
MinimumVisualStudioVersion = 10.0.40219.1
Project("{FAE04EC0-301F-11D3-BF4B-00C04F79EFBC}") = "CSharpStudy.Day20200620", "CSharpStudy.Day20200620\CSharpStudy.Day20200620.csproj", "{321EBFBC-9F05-4126-9F30-6A8725D6920B}"
EndProject
Project("{2150E333-8FDC-42A3-9474-1A3956D46DE8}") = "Solution Items", "Solution Items", "{01EF42E6-655F-443C-BB53-83FF0246A4DF}"
	ProjectSection(SolutionItems) = preProject
		README.md = README.md
	EndProjectSection
EndProject
Project("{FAE04EC0-301F-11D3-BF4B-00C04F79EFBC}") = "CSharpStudy.Day20200627", "CSharpStudy.Day20200627\CSharpStudy.Day20200627.csproj", "{5E43781D-5B96-44D7-AD8A-B38163F3F789}"
EndProject
Project("{FAE04EC0-301F-11D3-BF4B-00C04F79EFBC}") = "CSharpStudy.Day20200704", "CSharpStudy.Day20200704\CSharpStudy.Day20200704.csproj", "{05EFC96C-BC2B-4444-8C6D-284BDEDCB5CA}"
EndProject
Project("{FAE04EC0-301F-11D3-BF4B-00C04F79EFBC}") = "CSharpStudy.Toolkit", "CSharpStudy.Toolkit\CSharpStudy.Toolkit.csproj", "{60F2978B-EBBD-4414-81C3-66E9360B9C3F}"
EndProject
Global
	GlobalSection(SolutionConfigurationPlatforms) = preSolution
		Debug|Any CPU = Debug|Any CPU
		Release|Any CPU = Release|Any CPU
	EndGlobalSection
	GlobalSection(ProjectConfigurationPlatforms) = postSolution
		{321EBFBC-9F05-4126-9F30-6A8725D6920B}.Debug|Any CPU.ActiveCfg = Debug|Any CPU
		{321EBFBC-9F05-4126-9F30-6A8725D6920B}.Debug|Any CPU.Build.0 = Debug|Any CPU
		{321EBFBC-9F05-4126-9F30-6A8725D6920B}.Release|Any CPU.ActiveCfg = Release|Any CPU
		{321EBFBC-9F05-4126-9F30-6A8725D6920B}.Release|Any CPU.Build.0 = Release|Any CPU
		{5E43781D-5B96-44D7-AD8A-B38163F3F789}.Debug|Any CPU.ActiveCfg = Debug|Any CPU
		{5E43781D-5B96-44D7-AD8A-B38163F3F789}.Debug|Any CPU.Build.0 = Debug|Any CPU
		{5E43781D-5B96-44D7-AD8A-B38163F3F789}.Release|Any CPU.ActiveCfg = Release|Any CPU
		{5E43781D-5B96-44D7-AD8A-B38163F3F789}.Release|Any CPU.Build.0 = Release|Any CPU
		{05EFC96C-BC2B-4444-8C6D-284BDEDCB5CA}.Debug|Any CPU.ActiveCfg = Debug|Any CPU
		{05EFC96C-BC2B-4444-8C6D-284BDEDCB5CA}.Debug|Any CPU.Build.0 = Debug|Any CPU
		{05EFC96C-BC2B-4444-8C6D-284BDEDCB5CA}.Release|Any CPU.ActiveCfg = Release|Any CPU
		{05EFC96C-BC2B-4444-8C6D-284BDEDCB5CA}.Release|Any CPU.Build.0 = Release|Any CPU
		{60F2978B-EBBD-4414-81C3-66E9360B9C3F}.Debug|Any CPU.ActiveCfg = Debug|Any CPU
		{60F2978B-EBBD-4414-81C3-66E9360B9C3F}.Debug|Any CPU.Build.0 = Debug|Any CPU
		{60F2978B-EBBD-4414-81C3-66E9360B9C3F}.Release|Any CPU.ActiveCfg = Release|Any CPU
		{60F2978B-EBBD-4414-81C3-66E9360B9C3F}.Release|Any CPU.Build.0 = Release|Any CPU
	EndGlobalSection
	GlobalSection(SolutionProperties) = preSolution
		HideSolutionNode = FALSE
	EndGlobalSection
EndGlobal
